
Microsoft Visual Studio Solution File, Format Version 12.00
# Visual Studio 14
VisualStudioVersion = 14.0.25420.1
MinimumVisualStudioVersion = 10.0.40219.1
Project("{8BC9CEB8-8B4A-11D0-8D11-00A0C91BC942}") = "ExpressionEvaluatorLib", "ExpressionEvaluatorLib\ExpressionEvaluatorLib.vcxproj", "{69107889-C9C7-4B86-936E-D1EC720A28C5}"
EndProject
Project("{8BC9CEB8-8B4A-11D0-8D11-00A0C91BC942}") = "ExpressionEvaluator_ExampleApp", "ExpressionEvaluator_ExampleApp\ExpressionEvaluator_ExampleApp.vcxproj", "{D56B39E0-FF88-4670-8BFD-E4BAF90A6E48}"
EndProject
Project("{8BC9CEB8-8B4A-11D0-8D11-00A0C91BC942}") = "ExpressionEvaluatorTests", "ExpressionEvaluatorTests\ExpressionEvaluatorTests.vcxproj", "{3C907512-D58B-43C9-BE1D-E038F4313450}"
EndProject
Project("{2150E333-8FDC-42A3-9474-1A3956D46DE8}") = "Solution Items", "Solution Items", "{CF25E25E-8803-42EC-867E-838CC5684931}"
	ProjectSection(SolutionItems) = preProject
		README.md = README.md
	EndProjectSection
EndProject
Project("{8BC9CEB8-8B4A-11D0-8D11-00A0C91BC942}") = "ExpressionEvaluator_TestSingleHeader", "ExpressionEvaluator_TestSingleHeader\ExpressionEvaluator_TestSingleHeader.vcxproj", "{827B39E6-BB16-47DC-A3FC-6D51CDD7EC84}"
EndProject
Global
	GlobalSection(SolutionConfigurationPlatforms) = preSolution
		Debug|x64 = Debug|x64
		Debug|x86 = Debug|x86
		Release|x64 = Release|x64
		Release|x86 = Release|x86
	EndGlobalSection
	GlobalSection(ProjectConfigurationPlatforms) = postSolution
		{69107889-C9C7-4B86-936E-D1EC720A28C5}.Debug|x64.ActiveCfg = Debug|x64
		{69107889-C9C7-4B86-936E-D1EC720A28C5}.Debug|x64.Build.0 = Debug|x64
		{69107889-C9C7-4B86-936E-D1EC720A28C5}.Debug|x86.ActiveCfg = Debug|Win32
		{69107889-C9C7-4B86-936E-D1EC720A28C5}.Debug|x86.Build.0 = Debug|Win32
		{69107889-C9C7-4B86-936E-D1EC720A28C5}.Release|x64.ActiveCfg = Release|x64
		{69107889-C9C7-4B86-936E-D1EC720A28C5}.Release|x64.Build.0 = Release|x64
		{69107889-C9C7-4B86-936E-D1EC720A28C5}.Release|x86.ActiveCfg = Release|Win32
		{69107889-C9C7-4B86-936E-D1EC720A28C5}.Release|x86.Build.0 = Release|Win32
		{D56B39E0-FF88-4670-8BFD-E4BAF90A6E48}.Debug|x64.ActiveCfg = Debug|x64
		{D56B39E0-FF88-4670-8BFD-E4BAF90A6E48}.Debug|x64.Build.0 = Debug|x64
		{D56B39E0-FF88-4670-8BFD-E4BAF90A6E48}.Debug|x86.ActiveCfg = Debug|Win32
		{D56B39E0-FF88-4670-8BFD-E4BAF90A6E48}.Debug|x86.Build.0 = Debug|Win32
		{D56B39E0-FF88-4670-8BFD-E4BAF90A6E48}.Release|x64.ActiveCfg = Release|x64
		{D56B39E0-FF88-4670-8BFD-E4BAF90A6E48}.Release|x64.Build.0 = Release|x64
		{D56B39E0-FF88-4670-8BFD-E4BAF90A6E48}.Release|x86.ActiveCfg = Release|Win32
		{D56B39E0-FF88-4670-8BFD-E4BAF90A6E48}.Release|x86.Build.0 = Release|Win32
		{3C907512-D58B-43C9-BE1D-E038F4313450}.Debug|x64.ActiveCfg = Debug|x64
		{3C907512-D58B-43C9-BE1D-E038F4313450}.Debug|x64.Build.0 = Debug|x64
		{3C907512-D58B-43C9-BE1D-E038F4313450}.Debug|x86.ActiveCfg = Debug|Win32
		{3C907512-D58B-43C9-BE1D-E038F4313450}.Debug|x86.Build.0 = Debug|Win32
		{3C907512-D58B-43C9-BE1D-E038F4313450}.Release|x64.ActiveCfg = Release|x64
		{3C907512-D58B-43C9-BE1D-E038F4313450}.Release|x64.Build.0 = Release|x64
		{3C907512-D58B-43C9-BE1D-E038F4313450}.Release|x86.ActiveCfg = Release|Win32
		{3C907512-D58B-43C9-BE1D-E038F4313450}.Release|x86.Build.0 = Release|Win32
		{827B39E6-BB16-47DC-A3FC-6D51CDD7EC84}.Debug|x64.ActiveCfg = Debug|x64
		{827B39E6-BB16-47DC-A3FC-6D51CDD7EC84}.Debug|x64.Build.0 = Debug|x64
		{827B39E6-BB16-47DC-A3FC-6D51CDD7EC84}.Debug|x86.ActiveCfg = Debug|Win32
		{827B39E6-BB16-47DC-A3FC-6D51CDD7EC84}.Debug|x86.Build.0 = Debug|Win32
		{827B39E6-BB16-47DC-A3FC-6D51CDD7EC84}.Release|x64.ActiveCfg = Release|x64
		{827B39E6-BB16-47DC-A3FC-6D51CDD7EC84}.Release|x64.Build.0 = Release|x64
		{827B39E6-BB16-47DC-A3FC-6D51CDD7EC84}.Release|x86.ActiveCfg = Release|Win32
		{827B39E6-BB16-47DC-A3FC-6D51CDD7EC84}.Release|x86.Build.0 = Release|Win32
	EndGlobalSection
	GlobalSection(SolutionProperties) = preSolution
		HideSolutionNode = FALSE
	EndGlobalSection
EndGlobal
